
Microsoft Visual Studio Solution File, Format Version 12.00
# Visual Studio Version 16
VisualStudioVersion = 16.0.29613.14
MinimumVisualStudioVersion = 10.0.40219.1
Project("{FAE04EC0-301F-11D3-BF4B-00C04F79EFBC}") = "Prestige.Biz", "Prestige.Biz\Prestige.Biz.csproj", "{89D384E6-3B5C-43FB-AC38-C3F171340A43}"
EndProject
Project("{FAE04EC0-301F-11D3-BF4B-00C04F79EFBC}") = "Prestige.BizTests", "Prestige.BizTests\Prestige.BizTests.csproj", "{4814F5E0-7638-462C-95BD-2F960974160B}"
EndProject
Project("{2150E333-8FDC-42A3-9474-1A3956D46DE8}") = "Tests", "Tests", "{9BC30021-25FC-4989-9ECC-72CD5217794D}"
EndProject
Global
	GlobalSection(SolutionConfigurationPlatforms) = preSolution
		Debug|Any CPU = Debug|Any CPU
		Release|Any CPU = Release|Any CPU
	EndGlobalSection
	GlobalSection(ProjectConfigurationPlatforms) = postSolution
		{89D384E6-3B5C-43FB-AC38-C3F171340A43}.Debug|Any CPU.ActiveCfg = Debug|Any CPU
		{89D384E6-3B5C-43FB-AC38-C3F171340A43}.Debug|Any CPU.Build.0 = Debug|Any CPU
		{89D384E6-3B5C-43FB-AC38-C3F171340A43}.Release|Any CPU.ActiveCfg = Release|Any CPU
		{89D384E6-3B5C-43FB-AC38-C3F171340A43}.Release|Any CPU.Build.0 = Release|Any CPU
		{4814F5E0-7638-462C-95BD-2F960974160B}.Debug|Any CPU.ActiveCfg = Debug|Any CPU
		{4814F5E0-7638-462C-95BD-2F960974160B}.Debug|Any CPU.Build.0 = Debug|Any CPU
		{4814F5E0-7638-462C-95BD-2F960974160B}.Release|Any CPU.ActiveCfg = Release|Any CPU
		{4814F5E0-7638-462C-95BD-2F960974160B}.Release|Any CPU.Build.0 = Release|Any CPU
	EndGlobalSection
	GlobalSection(SolutionProperties) = preSolution
		HideSolutionNode = FALSE
	EndGlobalSection
	GlobalSection(NestedProjects) = preSolution
		{4814F5E0-7638-462C-95BD-2F960974160B} = {9BC30021-25FC-4989-9ECC-72CD5217794D}
	EndGlobalSection
	GlobalSection(ExtensibilityGlobals) = postSolution
		SolutionGuid = {B87B112A-4E11-458C-B0DF-376DDE4BBECF}
	EndGlobalSection
EndGlobal
